
Microsoft Visual Studio Solution File, Format Version 11.00
# Visual Studio 2010
Project("{FAE04EC0-301F-11D3-BF4B-00C04F79EFBC}") = "社團志願序開發功能", "社團志願序開發功能\社團志願序開發功能.csproj", "{8C29CC1C-BFDD-418C-BB1A-3CE1835C29BF}"
EndProject
Global
	GlobalSection(TeamFoundationVersionControl) = preSolution
		SccNumberOfProjects = 2
		SccEnterpriseProvider = {4CA58AB2-18FA-4F8D-95D4-32DDF27D184C}
		SccTeamFoundationServer = http://10.1.1.204:8080/tfs/tfs2008
		SccLocalPath0 = .
		SccProjectUniqueName1 = 社團志願序開發功能\\社團志願序開發功能.csproj
		SccProjectName1 = 社團志願序開發功能
		SccLocalPath1 = 社團志願序開發功能
	EndGlobalSection
	GlobalSection(SolutionConfigurationPlatforms) = preSolution
		Debug|Any CPU = Debug|Any CPU
		Release|Any CPU = Release|Any CPU
	EndGlobalSection
	GlobalSection(ProjectConfigurationPlatforms) = postSolution
		{8C29CC1C-BFDD-418C-BB1A-3CE1835C29BF}.Debug|Any CPU.ActiveCfg = Debug|Any CPU
		{8C29CC1C-BFDD-418C-BB1A-3CE1835C29BF}.Debug|Any CPU.Build.0 = Debug|Any CPU
		{8C29CC1C-BFDD-418C-BB1A-3CE1835C29BF}.Release|Any CPU.ActiveCfg = Release|Any CPU
		{8C29CC1C-BFDD-418C-BB1A-3CE1835C29BF}.Release|Any CPU.Build.0 = Release|Any CPU
	EndGlobalSection
	GlobalSection(SolutionProperties) = preSolution
		HideSolutionNode = FALSE
	EndGlobalSection
EndGlobal
